// !$*UTF8*$!
{
	archiveVersion = 1;
	classes = {
	};
	objectVersion = 46;
	objects = {

/* Begin PBXBuildFile section */
		7B015B50207AF97200DCD6DA /* main.cpp in Sources */ = {isa = PBXBuildFile; fileRef = 7B015B4F207AF97200DCD6DA /* main.cpp */; };
		7B015B58207AF97C00DCD6DA /* GLUT.framework in Frameworks */ = {isa = PBXBuildFile; fileRef = 7B015B57207AF97C00DCD6DA /* GLUT.framework */; };
		7B015B5A207AF98400DCD6DA /* OpenGL.framework in Frameworks */ = {isa = PBXBuildFile; fileRef = 7B015B59207AF98400DCD6DA /* OpenGL.framework */; };
/* End PBXBuildFile section */

/* Begin PBXCopyFilesBuildPhase section */
		7B015B4A207AF97200DCD6DA /* CopyFiles */ = {
			isa = PBXCopyFilesBuildPhase;
			buildActionMask = 2147483647;
			dstPath = /usr/share/man/man1/;
			dstSubfolderSpec = 0;
			files = (
			);
			runOnlyForDeploymentPostprocessing = 1;
		};
/* End PBXCopyFilesBuildPhase section */

/* Begin PBXFileReference section */
		7B015B4C207AF97200DCD6DA /* assignment3 */ = {isa = PBXFileReference; explicitFileType = "compiled.mach-o.executable"; includeInIndex = 0; path = assignment3; sourceTree = BUILT_PRODUCTS_DIR; };
		7B015B4F207AF97200DCD6DA /* main.cpp */ = {isa = PBXFileReference; lastKnownFileType = sourcecode.cpp.cpp; path = main.cpp; sourceTree = "<group>"; };
		7B015B57207AF97C00DCD6DA /* GLUT.framework */ = {isa = PBXFileReference; lastKnownFileType = wrapper.framework; name = GLUT.framework; path = System/Library/Frameworks/GLUT.framework; sourceTree = SDKROOT; };
		7B015B59207AF98400DCD6DA /* OpenGL.framework */ = {isa = PBXFileReference; lastKnownFileType = wrapper.framework; name = OpenGL.framework; path = System/Library/Frameworks/OpenGL.framework; sourceTree = SDKROOT; };
/* End PBXFileReference section */

/* Begin PBXFrameworksBuildPhase section */
		7B015B49207AF97200DCD6DA /* Frameworks */ = {
			isa = PBXFrameworksBuildPhase;
			buildActionMask = 2147483647;
			files = (
				7B015B5A207AF98400DCD6DA /* OpenGL.framework in Frameworks */,
				7B015B58207AF97C00DCD6DA /* GLUT.framework in Frameworks */,
			);
			runOnlyForDeploymentPostprocessing = 0;
		};
/* End PBXFrameworksBuildPhase section */

/* Begin PBXGroup section */
		7B015B43207AF97200DCD6DA = {
			isa = PBXGroup;
			children = (
				7B015B4E207AF97200DCD6DA /* assignment3 */,
				7B015B4D207AF97200DCD6DA /* Products */,
				7B015B56207AF97C00DCD6DA /* Frameworks */,
			);
			sourceTree = "<group>";
		};
		7B015B4D207AF97200DCD6DA /* Products */ = {
			isa = PBXGroup;
			children = (
				7B015B4C207AF97200DCD6DA /* assignment3 */,
			);
			name = Products;
			sourceTree = "<group>";
		};
		7B015B4E207AF97200DCD6DA /* assignment3 */ = {
			isa = PBXGroup;
			children = (
				7B015B4F207AF97200DCD6DA /* main.cpp */,
			);
			path = assignment3;
			sourceTree = "<group>";
		};
		7B015B56207AF97C00DCD6DA /* Frameworks */ = {
			isa = PBXGroup;
			children = (
				7B015B59207AF98400DCD6DA /* OpenGL.framework */,
				7B015B57207AF97C00DCD6DA /* GLUT.framework */,
			);
			name = Frameworks;
			sourceTree = "<group>";
		};
/* End PBXGroup section */

/* Begin PBXNativeTarget section */
		7B015B4B207AF97200DCD6DA /* assignment3 */ = {
			isa = PBXNativeTarget;
			buildConfigurationList = 7B015B53207AF97200DCD6DA /* Build configuration list for PBXNativeTarget "assignment3" */;
			buildPhases = (
				7B015B48207AF97200DCD6DA /* Sources */,
				7B015B49207AF97200DCD6DA /* Frameworks */,
				7B015B4A207AF97200DCD6DA /* CopyFiles */,
			);
			buildRules = (
			);
			dependencies = (
			);
			name = assignment3;
			productName = assignment3;
			productReference = 7B015B4C207AF97200DCD6DA /* assignment3 */;
			productType = "com.apple.product-type.tool";
		};
/* End PBXNativeTarget section */

/* Begin PBXProject section */
		7B015B44207AF97200DCD6DA /* Project object */ = {
			isa = PBXProject;
			attributes = {
				LastUpgradeCheck = 0820;
				ORGANIZATIONNAME = "Nick Sunga";
				TargetAttributes = {
					7B015B4B207AF97200DCD6DA = {
						CreatedOnToolsVersion = 8.2.1;
						ProvisioningStyle = Automatic;
					};
				};
			};
			buildConfigurationList = 7B015B47207AF97200DCD6DA /* Build configuration list for PBXProject "assignment3" */;
			compatibilityVersion = "Xcode 3.2";
			developmentRegion = English;
			hasScannedForEncodings = 0;
			knownRegions = (
				en,
			);
			mainGroup = 7B015B43207AF97200DCD6DA;
			productRefGroup = 7B015B4D207AF97200DCD6DA /* Products */;
			projectDirPath = "";
			projectRoot = "";
			targets = (
				7B015B4B207AF97200DCD6DA /* assignment3 */,
			);
		};
/* End PBXProject section */

/* Begin PBXSourcesBuildPhase section */
		7B015B48207AF97200DCD6DA /* Sources */ = {
			isa = PBXSourcesBuildPhase;
			buildActionMask = 2147483647;
			files = (
				7B015B50207AF97200DCD6DA /* main.cpp in Sources */,
			);
			runOnlyForDeploymentPostprocessing = 0;
		};
/* End PBXSourcesBuildPhase section */

/* Begin XCBuildConfiguration section */
		7B015B51207AF97200DCD6DA /* Debug */ = {
			isa = XCBuildConfiguration;
			buildSettings = {
				ALWAYS_SEARCH_USER_PATHS = NO;
				CLANG_ANALYZER_NONNULL = YES;
				CLANG_CXX_LANGUAGE_STANDARD = "gnu++0x";
				CLANG_CXX_LIBRARY = "libc++";
				CLANG_ENABLE_MODULES = YES;
				CLANG_ENABLE_OBJC_ARC = YES;
				CLANG_WARN_BOOL_CONVERSION = YES;
				CLANG_WARN_CONSTANT_CONVERSION = YES;
				CLANG_WARN_DIRECT_OBJC_ISA_USAGE = YES_ERROR;
				CLANG_WARN_DOCUMENTATION_COMMENTS = YES;
				CLANG_WARN_EMPTY_BODY = YES;
				CLANG_WARN_ENUM_CONVERSION = YES;
				CLANG_WARN_INFINITE_RECURSION = YES;
				CLANG_WARN_INT_CONVERSION = YES;
				CLANG_WARN_OBJC_ROOT_CLASS = YES_ERROR;
				CLANG_WARN_SUSPICIOUS_MOVE = YES;
				CLANG_WARN_UNREACHABLE_CODE = YES;
				CLANG_WARN__DUPLICATE_METHOD_MATCH = YES;
				CODE_SIGN_IDENTITY = "-";
				COPY_PHASE_STRIP = NO;
				DEBUG_INFORMATION_FORMAT = dwarf;
				ENABLE_STRICT_OBJC_MSGSEND = YES;
				ENABLE_TESTABILITY = YES;
				GCC_C_LANGUAGE_STANDARD = gnu99;
				GCC_DYNAMIC_NO_PIC = NO;
				GCC_NO_COMMON_BLOCKS = YES;
				GCC_OPTIMIZATION_LEVEL = 0;
				GCC_PREPROCESSOR_DEFINITIONS = (
					"DEBUG=1",
					"$(inherited)",
				);
				GCC_WARN_64_TO_32_BIT_CONVERSION = YES;
				GCC_WARN_ABOUT_RETURN_TYPE = YES_ERROR;
				GCC_WARN_UNDECLARED_SELECTOR = YES;
				GCC_WARN_UNINITIALIZED_AUTOS = YES_AGGRESSIVE;
				GCC_WARN_UNUSED_FUNCTION = YES;
				GCC_WARN_UNUSED_VARIABLE = YES;
				MACOSX_DEPLOYMENT_TARGET = 10.11;
				MTL_ENABLE_DEBUG_INFO = YES;
				ONLY_ACTIVE_ARCH = YES;
				SDKROOT = macosx;
			};
			name = Debug;
		};
		7B015B52207AF97200DCD6DA /* Release */ = {
			isa = XCBuildConfiguration;
			buildSettings = {
				ALWAYS_SEARCH_USER_PATHS = NO;
				CLANG_ANALYZER_NONNULL = YES;
				CLANG_CXX_LANGUAGE_STANDARD = "gnu++0x";
				CLANG_CXX_LIBRARY = "libc++";
				CLANG_ENABLE_MODULES = YES;
				CLANG_ENABLE_OBJC_ARC = YES;
				CLANG_WARN_BOOL_CONVERSION = YES;
				CLANG_WARN_CONSTANT_CONVERSION = YES;
				CLANG_WARN_DIRECT_OBJC_ISA_USAGE = YES_ERROR;
				CLANG_WARN_DOCUMENTATION_COMMENTS = YES;
				CLANG_WARN_EMPTY_BODY = YES;
				CLANG_WARN_ENUM_CONVERSION = YES;
				CLANG_WARN_INFINITE_RECURSION = YES;
				CLANG_WARN_INT_CONVERSION = YES;
				CLANG_WARN_OBJC_ROOT_CLASS = YES_ERROR;
				CLANG_WARN_SUSPICIOUS_MOVE = YES;
				CLANG_WARN_UNREACHABLE_CODE = YES;
				CLANG_WARN__DUPLICATE_METHOD_MATCH = YES;
				CODE_SIGN_IDENTITY = "-";
				COPY_PHASE_STRIP = NO;
				DEBUG_INFORMATION_FORMAT = "dwarf-with-dsym";
				ENABLE_NS_ASSERTIONS = NO;
				ENABLE_STRICT_OBJC_MSGSEND = YES;
				GCC_C_LANGUAGE_STANDARD = gnu99;
				GCC_NO_COMMON_BLOCKS = YES;
				GCC_WARN_64_TO_32_BIT_CONVERSION = YES;
				GCC_WARN_ABOUT_RETURN_TYPE = YES_ERROR;
				GCC_WARN_UNDECLARED_SELECTOR = YES;
				GCC_WARN_UNINITIALIZED_AUTOS = YES_AGGRESSIVE;
				GCC_WARN_UNUSED_FUNCTION = YES;
				GCC_WARN_UNUSED_VARIABLE = YES;
				MACOSX_DEPLOYMENT_TARGET = 10.11;
				MTL_ENABLE_DEBUG_INFO = NO;
				SDKROOT = macosx;
			};
			name = Release;
		};
		7B015B54207AF97200DCD6DA /* Debug */ = {
			isa = XCBuildConfiguration;
			buildSettings = {
				PRODUCT_NAME = "$(TARGET_NAME)";
			};
			name = Debug;
		};
		7B015B55207AF97200DCD6DA /* Release */ = {
			isa = XCBuildConfiguration;
			buildSettings = {
				PRODUCT_NAME = "$(TARGET_NAME)";
			};
			name = Release;
		};
/* End XCBuildConfiguration section */

/* Begin XCConfigurationList section */
		7B015B47207AF97200DCD6DA /* Build configuration list for PBXProject "assignment3" */ = {
			isa = XCConfigurationList;
			buildConfigurations = (
				7B015B51207AF97200DCD6DA /* Debug */,
				7B015B52207AF97200DCD6DA /* Release */,
			);
			defaultConfigurationIsVisible = 0;
			defaultConfigurationName = Release;
		};
		7B015B53207AF97200DCD6DA /* Build configuration list for PBXNativeTarget "assignment3" */ = {
			isa = XCConfigurationList;
			buildConfigurations = (
				7B015B54207AF97200DCD6DA /* Debug */,
				7B015B55207AF97200DCD6DA /* Release */,
			);
			defaultConfigurationIsVisible = 0;
		};
/* End XCConfigurationList section */
	};
	rootObject = 7B015B44207AF97200DCD6DA /* Project object */;
}
